// !$*UTF8*$!
{
	archiveVersion = 1;
	classes = {
	};
	objectVersion = 56;
	objects = {

/* Begin PBXBuildFile section */
		7B53A2492B5D7EF50003B559 /* MetalShadingApp.swift in Sources */ = {isa = PBXBuildFile; fileRef = 7B53A2482B5D7EF50003B559 /* MetalShadingApp.swift */; };
		7B53A24B2B5D7EF50003B559 /* ContentView.swift in Sources */ = {isa = PBXBuildFile; fileRef = 7B53A24A2B5D7EF50003B559 /* ContentView.swift */; };
		7B53A24D2B5D7EF60003B559 /* Assets.xcassets in Resources */ = {isa = PBXBuildFile; fileRef = 7B53A24C2B5D7EF60003B559 /* Assets.xcassets */; };
		7B53A2512B5D7EF60003B559 /* Preview Assets.xcassets in Resources */ = {isa = PBXBuildFile; fileRef = 7B53A2502B5D7EF60003B559 /* Preview Assets.xcassets */; };
		7B53A25B2B5D7EF60003B559 /* MetalShadingTests.swift in Sources */ = {isa = PBXBuildFile; fileRef = 7B53A25A2B5D7EF60003B559 /* MetalShadingTests.swift */; };
		7B53A27B2B5D808F0003B559 /* Color.metal in Sources */ = {isa = PBXBuildFile; fileRef = 7B53A27A2B5D808F0003B559 /* Color.metal */; };
		7B53A27D2B5D80B70003B559 /* View+ColorEffect.swift in Sources */ = {isa = PBXBuildFile; fileRef = 7B53A27C2B5D80B70003B559 /* View+ColorEffect.swift */; };
/* End PBXBuildFile section */

/* Begin PBXContainerItemProxy section */
		7B53A2572B5D7EF60003B559 /* PBXContainerItemProxy */ = {
			isa = PBXContainerItemProxy;
			containerPortal = 7B53A23D2B5D7EF50003B559 /* Project object */;
			proxyType = 1;
			remoteGlobalIDString = 7B53A2442B5D7EF50003B559;
			remoteInfo = MetalShading;
		};
/* End PBXContainerItemProxy section */

/* Begin PBXFileReference section */
		7B53A2452B5D7EF50003B559 /* MetalShading.app */ = {isa = PBXFileReference; explicitFileType = wrapper.application; includeInIndex = 0; path = MetalShading.app; sourceTree = BUILT_PRODUCTS_DIR; };
		7B53A2482B5D7EF50003B559 /* MetalShadingApp.swift */ = {isa = PBXFileReference; lastKnownFileType = sourcecode.swift; path = MetalShadingApp.swift; sourceTree = "<group>"; };
		7B53A24A2B5D7EF50003B559 /* ContentView.swift */ = {isa = PBXFileReference; lastKnownFileType = sourcecode.swift; path = ContentView.swift; sourceTree = "<group>"; };
		7B53A24C2B5D7EF60003B559 /* Assets.xcassets */ = {isa = PBXFileReference; lastKnownFileType = folder.assetcatalog; path = Assets.xcassets; sourceTree = "<group>"; };
		7B53A24E2B5D7EF60003B559 /* MetalShading.entitlements */ = {isa = PBXFileReference; lastKnownFileType = text.plist.entitlements; path = MetalShading.entitlements; sourceTree = "<group>"; };
		7B53A2502B5D7EF60003B559 /* Preview Assets.xcassets */ = {isa = PBXFileReference; lastKnownFileType = folder.assetcatalog; path = "Preview Assets.xcassets"; sourceTree = "<group>"; };
		7B53A2562B5D7EF60003B559 /* MetalShadingTests.xctest */ = {isa = PBXFileReference; explicitFileType = wrapper.cfbundle; includeInIndex = 0; path = MetalShadingTests.xctest; sourceTree = BUILT_PRODUCTS_DIR; };
		7B53A25A2B5D7EF60003B559 /* MetalShadingTests.swift */ = {isa = PBXFileReference; lastKnownFileType = sourcecode.swift; path = MetalShadingTests.swift; sourceTree = "<group>"; };
		7B53A27A2B5D808F0003B559 /* Color.metal */ = {isa = PBXFileReference; lastKnownFileType = sourcecode.metal; path = Color.metal; sourceTree = "<group>"; };
		7B53A27C2B5D80B70003B559 /* View+ColorEffect.swift */ = {isa = PBXFileReference; lastKnownFileType = sourcecode.swift; path = "View+ColorEffect.swift"; sourceTree = "<group>"; };
/* End PBXFileReference section */

/* Begin PBXFrameworksBuildPhase section */
		7B53A2422B5D7EF50003B559 /* Frameworks */ = {
			isa = PBXFrameworksBuildPhase;
			buildActionMask = 2147483647;
			files = (
			);
			runOnlyForDeploymentPostprocessing = 0;
		};
		7B53A2532B5D7EF60003B559 /* Frameworks */ = {
			isa = PBXFrameworksBuildPhase;
			buildActionMask = 2147483647;
			files = (
			);
			runOnlyForDeploymentPostprocessing = 0;
		};
/* End PBXFrameworksBuildPhase section */

/* Begin PBXGroup section */
		7B53A23C2B5D7EF50003B559 = {
			isa = PBXGroup;
			children = (
				7B53A2472B5D7EF50003B559 /* MetalShading */,
				7B53A2592B5D7EF60003B559 /* MetalShadingTests */,
				7B53A2462B5D7EF50003B559 /* Products */,
			);
			sourceTree = "<group>";
		};
		7B53A2462B5D7EF50003B559 /* Products */ = {
			isa = PBXGroup;
			children = (
				7B53A2452B5D7EF50003B559 /* MetalShading.app */,
				7B53A2562B5D7EF60003B559 /* MetalShadingTests.xctest */,
			);
			name = Products;
			sourceTree = "<group>";
		};
		7B53A2472B5D7EF50003B559 /* MetalShading */ = {
			isa = PBXGroup;
			children = (
				7B53A2732B5D7F020003B559 /* User Interface */,
				7B53A2742B5D7F120003B559 /* Misc */,
			);
			path = MetalShading;
			sourceTree = "<group>";
		};
		7B53A24F2B5D7EF60003B559 /* Preview Content */ = {
			isa = PBXGroup;
			children = (
				7B53A2502B5D7EF60003B559 /* Preview Assets.xcassets */,
			);
			path = "Preview Content";
			sourceTree = "<group>";
		};
		7B53A2592B5D7EF60003B559 /* MetalShadingTests */ = {
			isa = PBXGroup;
			children = (
				7B53A25A2B5D7EF60003B559 /* MetalShadingTests.swift */,
			);
			path = MetalShadingTests;
			sourceTree = "<group>";
		};
		7B53A2732B5D7F020003B559 /* User Interface */ = {
			isa = PBXGroup;
			children = (
				7B53A2752B5D7FCE0003B559 /* Shaders */,
				7B53A2482B5D7EF50003B559 /* MetalShadingApp.swift */,
				7B53A24A2B5D7EF50003B559 /* ContentView.swift */,
			);
			path = "User Interface";
			sourceTree = "<group>";
		};
		7B53A2742B5D7F120003B559 /* Misc */ = {
			isa = PBXGroup;
			children = (
				7B53A24F2B5D7EF60003B559 /* Preview Content */,
				7B53A24C2B5D7EF60003B559 /* Assets.xcassets */,
				7B53A24E2B5D7EF60003B559 /* MetalShading.entitlements */,
			);
			path = Misc;
			sourceTree = "<group>";
		};
		7B53A2752B5D7FCE0003B559 /* Shaders */ = {
			isa = PBXGroup;
			children = (
				7B53A2762B5D7FEA0003B559 /* ColorEffects */,
			);
			path = Shaders;
			sourceTree = "<group>";
		};
		7B53A2762B5D7FEA0003B559 /* ColorEffects */ = {
			isa = PBXGroup;
			children = (
				7B53A27A2B5D808F0003B559 /* Color.metal */,
				7B53A27C2B5D80B70003B559 /* View+ColorEffect.swift */,
			);
			path = ColorEffects;
			sourceTree = "<group>";
		};
/* End PBXGroup section */

/* Begin PBXNativeTarget section */
		7B53A2442B5D7EF50003B559 /* MetalShading */ = {
			isa = PBXNativeTarget;
			buildConfigurationList = 7B53A26A2B5D7EF60003B559 /* Build configuration list for PBXNativeTarget "MetalShading" */;
			buildPhases = (
				7B53A2412B5D7EF50003B559 /* Sources */,
				7B53A2422B5D7EF50003B559 /* Frameworks */,
				7B53A2432B5D7EF50003B559 /* Resources */,
			);
			buildRules = (
			);
			dependencies = (
			);
			name = MetalShading;
			productName = MetalShading;
			productReference = 7B53A2452B5D7EF50003B559 /* MetalShading.app */;
			productType = "com.apple.product-type.application";
		};
		7B53A2552B5D7EF60003B559 /* MetalShadingTests */ = {
			isa = PBXNativeTarget;
			buildConfigurationList = 7B53A26D2B5D7EF60003B559 /* Build configuration list for PBXNativeTarget "MetalShadingTests" */;
			buildPhases = (
				7B53A2522B5D7EF60003B559 /* Sources */,
				7B53A2532B5D7EF60003B559 /* Frameworks */,
				7B53A2542B5D7EF60003B559 /* Resources */,
			);
			buildRules = (
			);
			dependencies = (
				7B53A2582B5D7EF60003B559 /* PBXTargetDependency */,
			);
			name = MetalShadingTests;
			productName = MetalShadingTests;
			productReference = 7B53A2562B5D7EF60003B559 /* MetalShadingTests.xctest */;
			productType = "com.apple.product-type.bundle.unit-test";
		};
/* End PBXNativeTarget section */

/* Begin PBXProject section */
		7B53A23D2B5D7EF50003B559 /* Project object */ = {
			isa = PBXProject;
			attributes = {
				BuildIndependentTargetsInParallel = 1;
				LastSwiftUpdateCheck = 1500;
				LastUpgradeCheck = 1500;
				TargetAttributes = {
					7B53A2442B5D7EF50003B559 = {
						CreatedOnToolsVersion = 15.0;
					};
					7B53A2552B5D7EF60003B559 = {
						CreatedOnToolsVersion = 15.0;
						TestTargetID = 7B53A2442B5D7EF50003B559;
					};
				};
			};
			buildConfigurationList = 7B53A2402B5D7EF50003B559 /* Build configuration list for PBXProject "MetalShading" */;
			compatibilityVersion = "Xcode 14.0";
			developmentRegion = en;
			hasScannedForEncodings = 0;
			knownRegions = (
				en,
				Base,
			);
			mainGroup = 7B53A23C2B5D7EF50003B559;
			productRefGroup = 7B53A2462B5D7EF50003B559 /* Products */;
			projectDirPath = "";
			projectRoot = "";
			targets = (
				7B53A2442B5D7EF50003B559 /* MetalShading */,
				7B53A2552B5D7EF60003B559 /* MetalShadingTests */,
			);
		};
/* End PBXProject section */

/* Begin PBXResourcesBuildPhase section */
		7B53A2432B5D7EF50003B559 /* Resources */ = {
			isa = PBXResourcesBuildPhase;
			buildActionMask = 2147483647;
			files = (
				7B53A2512B5D7EF60003B559 /* Preview Assets.xcassets in Resources */,
				7B53A24D2B5D7EF60003B559 /* Assets.xcassets in Resources */,
			);
			runOnlyForDeploymentPostprocessing = 0;
		};
		7B53A2542B5D7EF60003B559 /* Resources */ = {
			isa = PBXResourcesBuildPhase;
			buildActionMask = 2147483647;
			files = (
			);
			runOnlyForDeploymentPostprocessing = 0;
		};
/* End PBXResourcesBuildPhase section */

/* Begin PBXSourcesBuildPhase section */
		7B53A2412B5D7EF50003B559 /* Sources */ = {
			isa = PBXSourcesBuildPhase;
			buildActionMask = 2147483647;
			files = (
				7B53A24B2B5D7EF50003B559 /* ContentView.swift in Sources */,
				7B53A2492B5D7EF50003B559 /* MetalShadingApp.swift in Sources */,
				7B53A27B2B5D808F0003B559 /* Color.metal in Sources */,
				7B53A27D2B5D80B70003B559 /* View+ColorEffect.swift in Sources */,
			);
			runOnlyForDeploymentPostprocessing = 0;
		};
		7B53A2522B5D7EF60003B559 /* Sources */ = {
			isa = PBXSourcesBuildPhase;
			buildActionMask = 2147483647;
			files = (
				7B53A25B2B5D7EF60003B559 /* MetalShadingTests.swift in Sources */,
			);
			runOnlyForDeploymentPostprocessing = 0;
		};
/* End PBXSourcesBuildPhase section */

/* Begin PBXTargetDependency section */
		7B53A2582B5D7EF60003B559 /* PBXTargetDependency */ = {
			isa = PBXTargetDependency;
			target = 7B53A2442B5D7EF50003B559 /* MetalShading */;
			targetProxy = 7B53A2572B5D7EF60003B559 /* PBXContainerItemProxy */;
		};
/* End PBXTargetDependency section */

/* Begin XCBuildConfiguration section */
		7B53A2682B5D7EF60003B559 /* Debug */ = {
			isa = XCBuildConfiguration;
			buildSettings = {
				ALWAYS_SEARCH_USER_PATHS = NO;
				ASSETCATALOG_COMPILER_GENERATE_SWIFT_ASSET_SYMBOL_EXTENSIONS = YES;
				CLANG_ANALYZER_NONNULL = YES;
				CLANG_ANALYZER_NUMBER_OBJECT_CONVERSION = YES_AGGRESSIVE;
				CLANG_CXX_LANGUAGE_STANDARD = "gnu++20";
				CLANG_ENABLE_MODULES = YES;
				CLANG_ENABLE_OBJC_ARC = YES;
				CLANG_ENABLE_OBJC_WEAK = YES;
				CLANG_WARN_BLOCK_CAPTURE_AUTORELEASING = YES;
				CLANG_WARN_BOOL_CONVERSION = YES;
				CLANG_WARN_COMMA = YES;
				CLANG_WARN_CONSTANT_CONVERSION = YES;
				CLANG_WARN_DEPRECATED_OBJC_IMPLEMENTATIONS = YES;
				CLANG_WARN_DIRECT_OBJC_ISA_USAGE = YES_ERROR;
				CLANG_WARN_DOCUMENTATION_COMMENTS = YES;
				CLANG_WARN_EMPTY_BODY = YES;
				CLANG_WARN_ENUM_CONVERSION = YES;
				CLANG_WARN_INFINITE_RECURSION = YES;
				CLANG_WARN_INT_CONVERSION = YES;
				CLANG_WARN_NON_LITERAL_NULL_CONVERSION = YES;
				CLANG_WARN_OBJC_IMPLICIT_RETAIN_SELF = YES;
				CLANG_WARN_OBJC_LITERAL_CONVERSION = YES;
				CLANG_WARN_OBJC_ROOT_CLASS = YES_ERROR;
				CLANG_WARN_QUOTED_INCLUDE_IN_FRAMEWORK_HEADER = YES;
				CLANG_WARN_RANGE_LOOP_ANALYSIS = YES;
				CLANG_WARN_STRICT_PROTOTYPES = YES;
				CLANG_WARN_SUSPICIOUS_MOVE = YES;
				CLANG_WARN_UNGUARDED_AVAILABILITY = YES_AGGRESSIVE;
				CLANG_WARN_UNREACHABLE_CODE = YES;
				CLANG_WARN__DUPLICATE_METHOD_MATCH = YES;
				COPY_PHASE_STRIP = NO;
				DEBUG_INFORMATION_FORMAT = dwarf;
				ENABLE_STRICT_OBJC_MSGSEND = YES;
				ENABLE_TESTABILITY = YES;
				ENABLE_USER_SCRIPT_SANDBOXING = YES;
				GCC_C_LANGUAGE_STANDARD = gnu17;
				GCC_DYNAMIC_NO_PIC = NO;
				GCC_NO_COMMON_BLOCKS = YES;
				GCC_OPTIMIZATION_LEVEL = 0;
				GCC_PREPROCESSOR_DEFINITIONS = (
					"DEBUG=1",
					"$(inherited)",
				);
				GCC_WARN_64_TO_32_BIT_CONVERSION = YES;
				GCC_WARN_ABOUT_RETURN_TYPE = YES_ERROR;
				GCC_WARN_UNDECLARED_SELECTOR = YES;
				GCC_WARN_UNINITIALIZED_AUTOS = YES_AGGRESSIVE;
				GCC_WARN_UNUSED_FUNCTION = YES;
				GCC_WARN_UNUSED_VARIABLE = YES;
				LOCALIZATION_PREFERS_STRING_CATALOGS = YES;
				MTL_ENABLE_DEBUG_INFO = INCLUDE_SOURCE;
				MTL_FAST_MATH = YES;
				ONLY_ACTIVE_ARCH = YES;
				SDKROOT = iphoneos;
				SWIFT_ACTIVE_COMPILATION_CONDITIONS = "DEBUG $(inherited)";
				SWIFT_OPTIMIZATION_LEVEL = "-Onone";
			};
			name = Debug;
		};
		7B53A2692B5D7EF60003B559 /* Release */ = {
			isa = XCBuildConfiguration;
			buildSettings = {
				ALWAYS_SEARCH_USER_PATHS = NO;
				ASSETCATALOG_COMPILER_GENERATE_SWIFT_ASSET_SYMBOL_EXTENSIONS = YES;
				CLANG_ANALYZER_NONNULL = YES;
				CLANG_ANALYZER_NUMBER_OBJECT_CONVERSION = YES_AGGRESSIVE;
				CLANG_CXX_LANGUAGE_STANDARD = "gnu++20";
				CLANG_ENABLE_MODULES = YES;
				CLANG_ENABLE_OBJC_ARC = YES;
				CLANG_ENABLE_OBJC_WEAK = YES;
				CLANG_WARN_BLOCK_CAPTURE_AUTORELEASING = YES;
				CLANG_WARN_BOOL_CONVERSION = YES;
				CLANG_WARN_COMMA = YES;
				CLANG_WARN_CONSTANT_CONVERSION = YES;
				CLANG_WARN_DEPRECATED_OBJC_IMPLEMENTATIONS = YES;
				CLANG_WARN_DIRECT_OBJC_ISA_USAGE = YES_ERROR;
				CLANG_WARN_DOCUMENTATION_COMMENTS = YES;
				CLANG_WARN_EMPTY_BODY = YES;
				CLANG_WARN_ENUM_CONVERSION = YES;
				CLANG_WARN_INFINITE_RECURSION = YES;
				CLANG_WARN_INT_CONVERSION = YES;
				CLANG_WARN_NON_LITERAL_NULL_CONVERSION = YES;
				CLANG_WARN_OBJC_IMPLICIT_RETAIN_SELF = YES;
				CLANG_WARN_OBJC_LITERAL_CONVERSION = YES;
				CLANG_WARN_OBJC_ROOT_CLASS = YES_ERROR;
				CLANG_WARN_QUOTED_INCLUDE_IN_FRAMEWORK_HEADER = YES;
				CLANG_WARN_RANGE_LOOP_ANALYSIS = YES;
				CLANG_WARN_STRICT_PROTOTYPES = YES;
				CLANG_WARN_SUSPICIOUS_MOVE = YES;
				CLANG_WARN_UNGUARDED_AVAILABILITY = YES_AGGRESSIVE;
				CLANG_WARN_UNREACHABLE_CODE = YES;
				CLANG_WARN__DUPLICATE_METHOD_MATCH = YES;
				COPY_PHASE_STRIP = NO;
				DEBUG_INFORMATION_FORMAT = "dwarf-with-dsym";
				ENABLE_NS_ASSERTIONS = NO;
				ENABLE_STRICT_OBJC_MSGSEND = YES;
				ENABLE_USER_SCRIPT_SANDBOXING = YES;
				GCC_C_LANGUAGE_STANDARD = gnu17;
				GCC_NO_COMMON_BLOCKS = YES;
				GCC_WARN_64_TO_32_BIT_CONVERSION = YES;
				GCC_WARN_ABOUT_RETURN_TYPE = YES_ERROR;
				GCC_WARN_UNDECLARED_SELECTOR = YES;
				GCC_WARN_UNINITIALIZED_AUTOS = YES_AGGRESSIVE;
				GCC_WARN_UNUSED_FUNCTION = YES;
				GCC_WARN_UNUSED_VARIABLE = YES;
				LOCALIZATION_PREFERS_STRING_CATALOGS = YES;
				MTL_ENABLE_DEBUG_INFO = NO;
				MTL_FAST_MATH = YES;
				SDKROOT = iphoneos;
				SWIFT_COMPILATION_MODE = wholemodule;
			};
			name = Release;
		};
		7B53A26B2B5D7EF60003B559 /* Debug */ = {
			isa = XCBuildConfiguration;
			buildSettings = {
				ASSETCATALOG_COMPILER_APPICON_NAME = AppIcon;
				ASSETCATALOG_COMPILER_GLOBAL_ACCENT_COLOR_NAME = AccentColor;
				CODE_SIGN_ENTITLEMENTS = MetalShading/Misc/MetalShading.entitlements;
				CODE_SIGN_STYLE = Automatic;
				CURRENT_PROJECT_VERSION = 1;
				DEVELOPMENT_ASSET_PATHS = "\"MetalShading/Misc/Preview Content\"";
				DEVELOPMENT_TEAM = 35ZPK8FK39;
				ENABLE_HARDENED_RUNTIME = YES;
				ENABLE_PREVIEWS = YES;
				GENERATE_INFOPLIST_FILE = YES;
				"INFOPLIST_KEY_UIApplicationSceneManifest_Generation[sdk=iphoneos*]" = YES;
				"INFOPLIST_KEY_UIApplicationSceneManifest_Generation[sdk=iphonesimulator*]" = YES;
				"INFOPLIST_KEY_UIApplicationSupportsIndirectInputEvents[sdk=iphoneos*]" = YES;
				"INFOPLIST_KEY_UIApplicationSupportsIndirectInputEvents[sdk=iphonesimulator*]" = YES;
				"INFOPLIST_KEY_UILaunchScreen_Generation[sdk=iphoneos*]" = YES;
				"INFOPLIST_KEY_UILaunchScreen_Generation[sdk=iphonesimulator*]" = YES;
				"INFOPLIST_KEY_UIStatusBarStyle[sdk=iphoneos*]" = UIStatusBarStyleDefault;
				"INFOPLIST_KEY_UIStatusBarStyle[sdk=iphonesimulator*]" = UIStatusBarStyleDefault;
				INFOPLIST_KEY_UISupportedInterfaceOrientations_iPad = "UIInterfaceOrientationPortrait UIInterfaceOrientationPortraitUpsideDown UIInterfaceOrientationLandscapeLeft UIInterfaceOrientationLandscapeRight";
				INFOPLIST_KEY_UISupportedInterfaceOrientations_iPhone = "UIInterfaceOrientationPortrait UIInterfaceOrientationLandscapeLeft UIInterfaceOrientationLandscapeRight";
				IPHONEOS_DEPLOYMENT_TARGET = 17.0;
				LD_RUNPATH_SEARCH_PATHS = "@executable_path/Frameworks";
				"LD_RUNPATH_SEARCH_PATHS[sdk=macosx*]" = "@executable_path/../Frameworks";
				MACOSX_DEPLOYMENT_TARGET = 14.0;
				MARKETING_VERSION = 1.0;
				PRODUCT_BUNDLE_IDENTIFIER = nl.danielkroese.MetalShading;
				PRODUCT_NAME = "$(TARGET_NAME)";
				SDKROOT = auto;
				SUPPORTED_PLATFORMS = "iphoneos iphonesimulator macosx";
				SWIFT_EMIT_LOC_STRINGS = YES;
				SWIFT_VERSION = 5.0;
				TARGETED_DEVICE_FAMILY = "1,2";
			};
			name = Debug;
		};
		7B53A26C2B5D7EF60003B559 /* Release */ = {
			isa = XCBuildConfiguration;
			buildSettings = {
				ASSETCATALOG_COMPILER_APPICON_NAME = AppIcon;
				ASSETCATALOG_COMPILER_GLOBAL_ACCENT_COLOR_NAME = AccentColor;
				CODE_SIGN_ENTITLEMENTS = MetalShading/Misc/MetalShading.entitlements;
				CODE_SIGN_STYLE = Automatic;
				CURRENT_PROJECT_VERSION = 1;
				DEVELOPMENT_ASSET_PATHS = "\"MetalShading/Misc/Preview Content\"";
				DEVELOPMENT_TEAM = 35ZPK8FK39;
				ENABLE_HARDENED_RUNTIME = YES;
				ENABLE_PREVIEWS = YES;
				GENERATE_INFOPLIST_FILE = YES;
				"INFOPLIST_KEY_UIApplicationSceneManifest_Generation[sdk=iphoneos*]" = YES;
				"INFOPLIST_KEY_UIApplicationSceneManifest_Generation[sdk=iphonesimulator*]" = YES;
				"INFOPLIST_KEY_UIApplicationSupportsIndirectInputEvents[sdk=iphoneos*]" = YES;
				"INFOPLIST_KEY_UIApplicationSupportsIndirectInputEvents[sdk=iphonesimulator*]" = YES;
				"INFOPLIST_KEY_UILaunchScreen_Generation[sdk=iphoneos*]" = YES;
				"INFOPLIST_KEY_UILaunchScreen_Generation[sdk=iphonesimulator*]" = YES;
				"INFOPLIST_KEY_UIStatusBarStyle[sdk=iphoneos*]" = UIStatusBarStyleDefault;
				"INFOPLIST_KEY_UIStatusBarStyle[sdk=iphonesimulator*]" = UIStatusBarStyleDefault;
				INFOPLIST_KEY_UISupportedInterfaceOrientations_iPad = "UIInterfaceOrientationPortrait UIInterfaceOrientationPortraitUpsideDown UIInterfaceOrientationLandscapeLeft UIInterfaceOrientationLandscapeRight";
				INFOPLIST_KEY_UISupportedInterfaceOrientations_iPhone = "UIInterfaceOrientationPortrait UIInterfaceOrientationLandscapeLeft UIInterfaceOrientationLandscapeRight";
				IPHONEOS_DEPLOYMENT_TARGET = 17.0;
				LD_RUNPATH_SEARCH_PATHS = "@executable_path/Frameworks";
				"LD_RUNPATH_SEARCH_PATHS[sdk=macosx*]" = "@executable_path/../Frameworks";
				MACOSX_DEPLOYMENT_TARGET = 14.0;
				MARKETING_VERSION = 1.0;
				PRODUCT_BUNDLE_IDENTIFIER = nl.danielkroese.MetalShading;
				PRODUCT_NAME = "$(TARGET_NAME)";
				SDKROOT = auto;
				SUPPORTED_PLATFORMS = "iphoneos iphonesimulator macosx";
				SWIFT_EMIT_LOC_STRINGS = YES;
				SWIFT_VERSION = 5.0;
				TARGETED_DEVICE_FAMILY = "1,2";
			};
			name = Release;
		};
		7B53A26E2B5D7EF60003B559 /* Debug */ = {
			isa = XCBuildConfiguration;
			buildSettings = {
				ALWAYS_EMBED_SWIFT_STANDARD_LIBRARIES = YES;
				BUNDLE_LOADER = "$(TEST_HOST)";
				CODE_SIGN_STYLE = Automatic;
				CURRENT_PROJECT_VERSION = 1;
				DEVELOPMENT_TEAM = 35ZPK8FK39;
				GENERATE_INFOPLIST_FILE = YES;
				IPHONEOS_DEPLOYMENT_TARGET = 17.0;
				MACOSX_DEPLOYMENT_TARGET = 14.0;
				MARKETING_VERSION = 1.0;
				PRODUCT_BUNDLE_IDENTIFIER = nl.danielkroese.MetalShadingTests;
				PRODUCT_NAME = "$(TARGET_NAME)";
				SDKROOT = auto;
				SUPPORTED_PLATFORMS = "iphoneos iphonesimulator macosx";
				SWIFT_EMIT_LOC_STRINGS = NO;
				SWIFT_VERSION = 5.0;
				TARGETED_DEVICE_FAMILY = "1,2";
				TEST_HOST = "$(BUILT_PRODUCTS_DIR)/MetalShading.app/$(BUNDLE_EXECUTABLE_FOLDER_PATH)/MetalShading";
			};
			name = Debug;
		};
		7B53A26F2B5D7EF60003B559 /* Release */ = {
			isa = XCBuildConfiguration;
			buildSettings = {
				ALWAYS_EMBED_SWIFT_STANDARD_LIBRARIES = YES;
				BUNDLE_LOADER = "$(TEST_HOST)";
				CODE_SIGN_STYLE = Automatic;
				CURRENT_PROJECT_VERSION = 1;
				DEVELOPMENT_TEAM = 35ZPK8FK39;
				GENERATE_INFOPLIST_FILE = YES;
				IPHONEOS_DEPLOYMENT_TARGET = 17.0;
				MACOSX_DEPLOYMENT_TARGET = 14.0;
				MARKETING_VERSION = 1.0;
				PRODUCT_BUNDLE_IDENTIFIER = nl.danielkroese.MetalShadingTests;
				PRODUCT_NAME = "$(TARGET_NAME)";
				SDKROOT = auto;
				SUPPORTED_PLATFORMS = "iphoneos iphonesimulator macosx";
				SWIFT_EMIT_LOC_STRINGS = NO;
				SWIFT_VERSION = 5.0;
				TARGETED_DEVICE_FAMILY = "1,2";
				TEST_HOST = "$(BUILT_PRODUCTS_DIR)/MetalShading.app/$(BUNDLE_EXECUTABLE_FOLDER_PATH)/MetalShading";
			};
			name = Release;
		};
/* End XCBuildConfiguration section */

/* Begin XCConfigurationList section */
		7B53A2402B5D7EF50003B559 /* Build configuration list for PBXProject "MetalShading" */ = {
			isa = XCConfigurationList;
			buildConfigurations = (
				7B53A2682B5D7EF60003B559 /* Debug */,
				7B53A2692B5D7EF60003B559 /* Release */,
			);
			defaultConfigurationIsVisible = 0;
			defaultConfigurationName = Release;
		};
		7B53A26A2B5D7EF60003B559 /* Build configuration list for PBXNativeTarget "MetalShading" */ = {
			isa = XCConfigurationList;
			buildConfigurations = (
				7B53A26B2B5D7EF60003B559 /* Debug */,
				7B53A26C2B5D7EF60003B559 /* Release */,
			);
			defaultConfigurationIsVisible = 0;
			defaultConfigurationName = Release;
		};
		7B53A26D2B5D7EF60003B559 /* Build configuration list for PBXNativeTarget "MetalShadingTests" */ = {
			isa = XCConfigurationList;
			buildConfigurations = (
				7B53A26E2B5D7EF60003B559 /* Debug */,
				7B53A26F2B5D7EF60003B559 /* Release */,
			);
			defaultConfigurationIsVisible = 0;
			defaultConfigurationName = Release;
		};
/* End XCConfigurationList section */
	};
	rootObject = 7B53A23D2B5D7EF50003B559 /* Project object */;
}
